# Lockfile automatically generated by Reach. Don't edit!
# This file is meant to be included in source control.

lf_revs:
- - gr_user: xBacked-DAO
    gr_host: github.com
    gr_repo: reach-safe-math
    gr_rev: null
  - gr_user: xBacked-DAO
    gr_host: github.com
    gr_repo: reach-safe-math
    gr_rev: 6783364fcdafe267fe3e19db33afa6ae5f9d502d
lf_vers: 1
